// !$*UTF8*$!
{
	archiveVersion = 1;
	classes = {
	};
	objectVersion = 46;
	objects = {

/* Begin PBXBuildFile section */
		3FEF319A1FD8C2B10086D378 /* AppDelegate.swift in Sources */ = {isa = PBXBuildFile; fileRef = 3FEF31991FD8C2B10086D378 /* AppDelegate.swift */; };
		3FEF319C1FD8C2B10086D378 /* ViewController.swift in Sources */ = {isa = PBXBuildFile; fileRef = 3FEF319B1FD8C2B10086D378 /* ViewController.swift */; };
		3FEF319F1FD8C2B10086D378 /* Main.storyboard in Resources */ = {isa = PBXBuildFile; fileRef = 3FEF319D1FD8C2B10086D378 /* Main.storyboard */; };
		3FEF31A11FD8C2B10086D378 /* Assets.xcassets in Resources */ = {isa = PBXBuildFile; fileRef = 3FEF31A01FD8C2B10086D378 /* Assets.xcassets */; };
		3FEF31A41FD8C2B10086D378 /* LaunchScreen.storyboard in Resources */ = {isa = PBXBuildFile; fileRef = 3FEF31A21FD8C2B10086D378 /* LaunchScreen.storyboard */; };
/* End PBXBuildFile section */

/* Begin PBXFileReference section */
		3FEF31961FD8C2B10086D378 /* WunderList: To Do Tasks.app */ = {isa = PBXFileReference; explicitFileType = wrapper.application; includeInIndex = 0; path = "WunderList: To Do Tasks.app"; sourceTree = BUILT_PRODUCTS_DIR; };
		3FEF31991FD8C2B10086D378 /* AppDelegate.swift */ = {isa = PBXFileReference; lastKnownFileType = sourcecode.swift; path = AppDelegate.swift; sourceTree = "<group>"; };
		3FEF319B1FD8C2B10086D378 /* ViewController.swift */ = {isa = PBXFileReference; lastKnownFileType = sourcecode.swift; path = ViewController.swift; sourceTree = "<group>"; };
		3FEF319E1FD8C2B10086D378 /* Base */ = {isa = PBXFileReference; lastKnownFileType = file.storyboard; name = Base; path = Base.lproj/Main.storyboard; sourceTree = "<group>"; };
		3FEF31A01FD8C2B10086D378 /* Assets.xcassets */ = {isa = PBXFileReference; lastKnownFileType = folder.assetcatalog; path = Assets.xcassets; sourceTree = "<group>"; };
		3FEF31A31FD8C2B10086D378 /* Base */ = {isa = PBXFileReference; lastKnownFileType = file.storyboard; name = Base; path = Base.lproj/LaunchScreen.storyboard; sourceTree = "<group>"; };
		3FEF31A51FD8C2B10086D378 /* Info.plist */ = {isa = PBXFileReference; lastKnownFileType = text.plist.xml; path = Info.plist; sourceTree = "<group>"; };
/* End PBXFileReference section */

/* Begin PBXFrameworksBuildPhase section */
		3FEF31931FD8C2B10086D378 /* Frameworks */ = {
			isa = PBXFrameworksBuildPhase;
			buildActionMask = 2147483647;
			files = (
			);
			runOnlyForDeploymentPostprocessing = 0;
		};
/* End PBXFrameworksBuildPhase section */

/* Begin PBXGroup section */
		3FEF318D1FD8C2B10086D378 = {
			isa = PBXGroup;
			children = (
				3FEF31981FD8C2B10086D378 /* WunderList: To Do Tasks */,
				3FEF31971FD8C2B10086D378 /* Products */,
			);
			sourceTree = "<group>";
		};
		3FEF31971FD8C2B10086D378 /* Products */ = {
			isa = PBXGroup;
			children = (
				3FEF31961FD8C2B10086D378 /* WunderList: To Do Tasks.app */,
			);
			name = Products;
			sourceTree = "<group>";
		};
		3FEF31981FD8C2B10086D378 /* WunderList: To Do Tasks */ = {
			isa = PBXGroup;
			children = (
				3FEF31991FD8C2B10086D378 /* AppDelegate.swift */,
				3FEF319B1FD8C2B10086D378 /* ViewController.swift */,
				3FEF319D1FD8C2B10086D378 /* Main.storyboard */,
				3FEF31A01FD8C2B10086D378 /* Assets.xcassets */,
				3FEF31A21FD8C2B10086D378 /* LaunchScreen.storyboard */,
				3FEF31A51FD8C2B10086D378 /* Info.plist */,
			);
			path = "WunderList: To Do Tasks";
			sourceTree = "<group>";
		};
/* End PBXGroup section */

/* Begin PBXNativeTarget section */
		3FEF31951FD8C2B10086D378 /* WunderList: To Do Tasks */ = {
			isa = PBXNativeTarget;
			buildConfigurationList = 3FEF31A81FD8C2B10086D378 /* Build configuration list for PBXNativeTarget "WunderList: To Do Tasks" */;
			buildPhases = (
				3FEF31921FD8C2B10086D378 /* Sources */,
				3FEF31931FD8C2B10086D378 /* Frameworks */,
				3FEF31941FD8C2B10086D378 /* Resources */,
			);
			buildRules = (
			);
			dependencies = (
			);
			name = "WunderList: To Do Tasks";
			productName = "WunderList: To Do Tasks";
			productReference = 3FEF31961FD8C2B10086D378 /* WunderList: To Do Tasks.app */;
			productType = "com.apple.product-type.application";
		};
/* End PBXNativeTarget section */

/* Begin PBXProject section */
		3FEF318E1FD8C2B10086D378 /* Project object */ = {
			isa = PBXProject;
			attributes = {
				LastSwiftUpdateCheck = 0820;
				LastUpgradeCheck = 0820;
				ORGANIZATIONNAME = Centennial;
				TargetAttributes = {
					3FEF31951FD8C2B10086D378 = {
						CreatedOnToolsVersion = 8.2.1;
						DevelopmentTeam = 2BULHRS882;
						ProvisioningStyle = Automatic;
					};
				};
			};
			buildConfigurationList = 3FEF31911FD8C2B10086D378 /* Build configuration list for PBXProject "WunderList: To Do Tasks" */;
			compatibilityVersion = "Xcode 3.2";
			developmentRegion = English;
			hasScannedForEncodings = 0;
			knownRegions = (
				en,
				Base,
			);
			mainGroup = 3FEF318D1FD8C2B10086D378;
			productRefGroup = 3FEF31971FD8C2B10086D378 /* Products */;
			projectDirPath = "";
			projectRoot = "";
			targets = (
				3FEF31951FD8C2B10086D378 /* WunderList: To Do Tasks */,
			);
		};
/* End PBXProject section */

/* Begin PBXResourcesBuildPhase section */
		3FEF31941FD8C2B10086D378 /* Resources */ = {
			isa = PBXResourcesBuildPhase;
			buildActionMask = 2147483647;
			files = (
				3FEF31A41FD8C2B10086D378 /* LaunchScreen.storyboard in Resources */,
				3FEF31A11FD8C2B10086D378 /* Assets.xcassets in Resources */,
				3FEF319F1FD8C2B10086D378 /* Main.storyboard in Resources */,
			);
			runOnlyForDeploymentPostprocessing = 0;
		};
/* End PBXResourcesBuildPhase section */

/* Begin PBXSourcesBuildPhase section */
		3FEF31921FD8C2B10086D378 /* Sources */ = {
			isa = PBXSourcesBuildPhase;
			buildActionMask = 2147483647;
			files = (
				3FEF319C1FD8C2B10086D378 /* ViewController.swift in Sources */,
				3FEF319A1FD8C2B10086D378 /* AppDelegate.swift in Sources */,
			);
			runOnlyForDeploymentPostprocessing = 0;
		};
/* End PBXSourcesBuildPhase section */

/* Begin PBXVariantGroup section */
		3FEF319D1FD8C2B10086D378 /* Main.storyboard */ = {
			isa = PBXVariantGroup;
			children = (
				3FEF319E1FD8C2B10086D378 /* Base */,
			);
			name = Main.storyboard;
			sourceTree = "<group>";
		};
		3FEF31A21FD8C2B10086D378 /* LaunchScreen.storyboard */ = {
			isa = PBXVariantGroup;
			children = (
				3FEF31A31FD8C2B10086D378 /* Base */,
			);
			name = LaunchScreen.storyboard;
			sourceTree = "<group>";
		};
/* End PBXVariantGroup section */

/* Begin XCBuildConfiguration section */
		3FEF31A61FD8C2B10086D378 /* Debug */ = {
			isa = XCBuildConfiguration;
			buildSettings = {
				ALWAYS_SEARCH_USER_PATHS = NO;
				CLANG_ANALYZER_NONNULL = YES;
				CLANG_CXX_LANGUAGE_STANDARD = "gnu++0x";
				CLANG_CXX_LIBRARY = "libc++";
				CLANG_ENABLE_MODULES = YES;
				CLANG_ENABLE_OBJC_ARC = YES;
				CLANG_WARN_BOOL_CONVERSION = YES;
				CLANG_WARN_CONSTANT_CONVERSION = YES;
				CLANG_WARN_DIRECT_OBJC_ISA_USAGE = YES_ERROR;
				CLANG_WARN_DOCUMENTATION_COMMENTS = YES;
				CLANG_WARN_EMPTY_BODY = YES;
				CLANG_WARN_ENUM_CONVERSION = YES;
				CLANG_WARN_INFINITE_RECURSION = YES;
				CLANG_WARN_INT_CONVERSION = YES;
				CLANG_WARN_OBJC_ROOT_CLASS = YES_ERROR;
				CLANG_WARN_SUSPICIOUS_MOVE = YES;
				CLANG_WARN_UNREACHABLE_CODE = YES;
				CLANG_WARN__DUPLICATE_METHOD_MATCH = YES;
				"CODE_SIGN_IDENTITY[sdk=iphoneos*]" = "iPhone Developer";
				COPY_PHASE_STRIP = NO;
				DEBUG_INFORMATION_FORMAT = dwarf;
				ENABLE_STRICT_OBJC_MSGSEND = YES;
				ENABLE_TESTABILITY = YES;
				GCC_C_LANGUAGE_STANDARD = gnu99;
				GCC_DYNAMIC_NO_PIC = NO;
				GCC_NO_COMMON_BLOCKS = YES;
				GCC_OPTIMIZATION_LEVEL = 0;
				GCC_PREPROCESSOR_DEFINITIONS = (
					"DEBUG=1",
					"$(inherited)",
				);
				GCC_WARN_64_TO_32_BIT_CONVERSION = YES;
				GCC_WARN_ABOUT_RETURN_TYPE = YES_ERROR;
				GCC_WARN_UNDECLARED_SELECTOR = YES;
				GCC_WARN_UNINITIALIZED_AUTOS = YES_AGGRESSIVE;
				GCC_WARN_UNUSED_FUNCTION = YES;
				GCC_WARN_UNUSED_VARIABLE = YES;
				IPHONEOS_DEPLOYMENT_TARGET = 10.2;
				MTL_ENABLE_DEBUG_INFO = YES;
				ONLY_ACTIVE_ARCH = YES;
				SDKROOT = iphoneos;
				SWIFT_ACTIVE_COMPILATION_CONDITIONS = DEBUG;
				SWIFT_OPTIMIZATION_LEVEL = "-Onone";
			};
			name = Debug;
		};
		3FEF31A71FD8C2B10086D378 /* Release */ = {
			isa = XCBuildConfiguration;
			buildSettings = {
				ALWAYS_SEARCH_USER_PATHS = NO;
				CLANG_ANALYZER_NONNULL = YES;
				CLANG_CXX_LANGUAGE_STANDARD = "gnu++0x";
				CLANG_CXX_LIBRARY = "libc++";
				CLANG_ENABLE_MODULES = YES;
				CLANG_ENABLE_OBJC_ARC = YES;
				CLANG_WARN_BOOL_CONVERSION = YES;
				CLANG_WARN_CONSTANT_CONVERSION = YES;
				CLANG_WARN_DIRECT_OBJC_ISA_USAGE = YES_ERROR;
				CLANG_WARN_DOCUMENTATION_COMMENTS = YES;
				CLANG_WARN_EMPTY_BODY = YES;
				CLANG_WARN_ENUM_CONVERSION = YES;
				CLANG_WARN_INFINITE_RECURSION = YES;
				CLANG_WARN_INT_CONVERSION = YES;
				CLANG_WARN_OBJC_ROOT_CLASS = YES_ERROR;
				CLANG_WARN_SUSPICIOUS_MOVE = YES;
				CLANG_WARN_UNREACHABLE_CODE = YES;
				CLANG_WARN__DUPLICATE_METHOD_MATCH = YES;
				"CODE_SIGN_IDENTITY[sdk=iphoneos*]" = "iPhone Developer";
				COPY_PHASE_STRIP = NO;
				DEBUG_INFORMATION_FORMAT = "dwarf-with-dsym";
				ENABLE_NS_ASSERTIONS = NO;
				ENABLE_STRICT_OBJC_MSGSEND = YES;
				GCC_C_LANGUAGE_STANDARD = gnu99;
				GCC_NO_COMMON_BLOCKS = YES;
				GCC_WARN_64_TO_32_BIT_CONVERSION = YES;
				GCC_WARN_ABOUT_RETURN_TYPE = YES_ERROR;
				GCC_WARN_UNDECLARED_SELECTOR = YES;
				GCC_WARN_UNINITIALIZED_AUTOS = YES_AGGRESSIVE;
				GCC_WARN_UNUSED_FUNCTION = YES;
				GCC_WARN_UNUSED_VARIABLE = YES;
				IPHONEOS_DEPLOYMENT_TARGET = 10.2;
				MTL_ENABLE_DEBUG_INFO = NO;
				SDKROOT = iphoneos;
				SWIFT_OPTIMIZATION_LEVEL = "-Owholemodule";
				VALIDATE_PRODUCT = YES;
			};
			name = Release;
		};
		3FEF31A91FD8C2B10086D378 /* Debug */ = {
			isa = XCBuildConfiguration;
			buildSettings = {
				ASSETCATALOG_COMPILER_APPICON_NAME = AppIcon;
				DEVELOPMENT_TEAM = 2BULHRS882;
				INFOPLIST_FILE = "WunderList: To Do Tasks/Info.plist";
				LD_RUNPATH_SEARCH_PATHS = "$(inherited) @executable_path/Frameworks";
				PRODUCT_BUNDLE_IDENTIFIER = "ca.centennialcollege.WunderList--To-Do-Tasks";
				PRODUCT_NAME = "$(TARGET_NAME)";
				SWIFT_VERSION = 3.0;
			};
			name = Debug;
		};
		3FEF31AA1FD8C2B10086D378 /* Release */ = {
			isa = XCBuildConfiguration;
			buildSettings = {
				ASSETCATALOG_COMPILER_APPICON_NAME = AppIcon;
				DEVELOPMENT_TEAM = 2BULHRS882;
				INFOPLIST_FILE = "WunderList: To Do Tasks/Info.plist";
				LD_RUNPATH_SEARCH_PATHS = "$(inherited) @executable_path/Frameworks";
				PRODUCT_BUNDLE_IDENTIFIER = "ca.centennialcollege.WunderList--To-Do-Tasks";
				PRODUCT_NAME = "$(TARGET_NAME)";
				SWIFT_VERSION = 3.0;
			};
			name = Release;
		};
/* End XCBuildConfiguration section */

/* Begin XCConfigurationList section */
		3FEF31911FD8C2B10086D378 /* Build configuration list for PBXProject "WunderList: To Do Tasks" */ = {
			isa = XCConfigurationList;
			buildConfigurations = (
				3FEF31A61FD8C2B10086D378 /* Debug */,
				3FEF31A71FD8C2B10086D378 /* Release */,
			);
			defaultConfigurationIsVisible = 0;
			defaultConfigurationName = Release;
		};
		3FEF31A81FD8C2B10086D378 /* Build configuration list for PBXNativeTarget "WunderList: To Do Tasks" */ = {
			isa = XCConfigurationList;
			buildConfigurations = (
				3FEF31A91FD8C2B10086D378 /* Debug */,
				3FEF31AA1FD8C2B10086D378 /* Release */,
			);
			defaultConfigurationIsVisible = 0;
		};
/* End XCConfigurationList section */
	};
	rootObject = 3FEF318E1FD8C2B10086D378 /* Project object */;
}
